{
  "name": "garmin_clone",
  "version": "1.0.0",
  "lockfileVersion": 3,
  "requires": true,
  "packages": {
    "": {
      "name": "garmin_clone",
      "version": "1.0.0",
      "license": "ISC",
      "dependencies": {
        "oracledb": "^7.0.1"
      }
    },
    "node_modules/oracledb": {
      "version": "7.0.1",
      "resolved": "https://registry.npmjs.org/oracledb/-/oracledb-7.0.1.tgz",
      "integrity": "sha512-xlM0Ceh6A5stQLAdEfKf3pgCSkbOjQLo2ZPEi3+kXklz+KbZD3fLi/nsTSbQeZZNFBSFDNxdn1Ek3+bxG40M8w==",
      "hasInstallScript": true,
      "license": "(Apache-2.0 OR UPL-1.0)",
      "engines": {
        "node": ">=14.17"
      }
    }
  }
}
